// !$*UTF8*$!
{
	archiveVersion = 1;
	classes = {
	};
	objectVersion = 55;
	objects = {

/* Begin PBXBuildFile section */
		422758FC5B6CD680AA15F76B /* Pods_RandomMixedJuice.framework in Frameworks */ = {isa = PBXBuildFile; fileRef = E77142681063E1AB37327B24 /* Pods_RandomMixedJuice.framework */; };
		B2491D19281DDC3300B5C419 /* ExtentionUIColor.swift in Sources */ = {isa = PBXBuildFile; fileRef = B2491D18281DDC3300B5C419 /* ExtentionUIColor.swift */; };
		B2491D1B281DE23000B5C419 /* ResetAndBackButton.swift in Sources */ = {isa = PBXBuildFile; fileRef = B2491D1A281DE23000B5C419 /* ResetAndBackButton.swift */; };
		B28A38992812235800157561 /* AppDelegate.swift in Sources */ = {isa = PBXBuildFile; fileRef = B28A38982812235800157561 /* AppDelegate.swift */; };
		B28A389D2812235800157561 /* ViewController.swift in Sources */ = {isa = PBXBuildFile; fileRef = B28A389C2812235800157561 /* ViewController.swift */; };
		B28A38A02812235800157561 /* Main.storyboard in Resources */ = {isa = PBXBuildFile; fileRef = B28A389E2812235800157561 /* Main.storyboard */; };
		B28A38A22812235A00157561 /* Assets.xcassets in Resources */ = {isa = PBXBuildFile; fileRef = B28A38A12812235A00157561 /* Assets.xcassets */; };
		B28A38A52812235A00157561 /* LaunchScreen.storyboard in Resources */ = {isa = PBXBuildFile; fileRef = B28A38A32812235A00157561 /* LaunchScreen.storyboard */; };
		B28A38AD2812238300157561 /* Fruits.csv in Resources */ = {isa = PBXBuildFile; fileRef = B28A38AC2812238300157561 /* Fruits.csv */; };
		B28CAD5B281898A600EE84F3 /* CommonButton.swift in Sources */ = {isa = PBXBuildFile; fileRef = B28CAD5A281898A600EE84F3 /* CommonButton.swift */; };
		B28D39C128149E6F0046360D /* Fruit.swift in Sources */ = {isa = PBXBuildFile; fileRef = B28D39C028149E6F0046360D /* Fruit.swift */; };
		B28D39C32814A0B20046360D /* RealmFruit+Repository.swift in Sources */ = {isa = PBXBuildFile; fileRef = B28D39C22814A0B20046360D /* RealmFruit+Repository.swift */; };
		B28D39C52814B9660046360D /* SceneDelegate.swift in Sources */ = {isa = PBXBuildFile; fileRef = B28D39C42814B9660046360D /* SceneDelegate.swift */; };
		B28F5E002816DB74005C55C1 /* FruitsViewController.swift in Sources */ = {isa = PBXBuildFile; fileRef = B28F5DFF2816DB74005C55C1 /* FruitsViewController.swift */; };
		B28F5E022816DB8A005C55C1 /* Fruits.storyboard in Resources */ = {isa = PBXBuildFile; fileRef = B28F5E012816DB8A005C55C1 /* Fruits.storyboard */; };
		B28F5E042816DC7C005C55C1 /* FruitsTableViewCell.swift in Sources */ = {isa = PBXBuildFile; fileRef = B28F5E032816DC7C005C55C1 /* FruitsTableViewCell.swift */; };
		B290A7DE2817666900BB7354 /* UIAlertController.swift in Sources */ = {isa = PBXBuildFile; fileRef = B290A7DD2817666900BB7354 /* UIAlertController.swift */; };
		B2B26C6F2813B88600D65379 /* MixJuice.swift in Sources */ = {isa = PBXBuildFile; fileRef = B2B26C6E2813B88600D65379 /* MixJuice.swift */; };
		B2C482B228143472009ACD9D /* RealmMixJuice+Repository.swift in Sources */ = {isa = PBXBuildFile; fileRef = B2C482B128143472009ACD9D /* RealmMixJuice+Repository.swift */; };
		B2D46B5F2819745F00D4F1F5 /* StartStopButton.swift in Sources */ = {isa = PBXBuildFile; fileRef = B2D46B5E2819745F00D4F1F5 /* StartStopButton.swift */; };
/* End PBXBuildFile section */

/* Begin PBXFileReference section */
		08214D7E21FB518E4B693988 /* Pods-RandomMixedJuice.debug.xcconfig */ = {isa = PBXFileReference; includeInIndex = 1; lastKnownFileType = text.xcconfig; name = "Pods-RandomMixedJuice.debug.xcconfig"; path = "Target Support Files/Pods-RandomMixedJuice/Pods-RandomMixedJuice.debug.xcconfig"; sourceTree = "<group>"; };
		653DFF810EFA6E7408039198 /* Pods-RandomMixedJuice.release.xcconfig */ = {isa = PBXFileReference; includeInIndex = 1; lastKnownFileType = text.xcconfig; name = "Pods-RandomMixedJuice.release.xcconfig"; path = "Target Support Files/Pods-RandomMixedJuice/Pods-RandomMixedJuice.release.xcconfig"; sourceTree = "<group>"; };
		B2491D18281DDC3300B5C419 /* ExtentionUIColor.swift */ = {isa = PBXFileReference; lastKnownFileType = sourcecode.swift; path = ExtentionUIColor.swift; sourceTree = "<group>"; };
		B2491D1A281DE23000B5C419 /* ResetAndBackButton.swift */ = {isa = PBXFileReference; lastKnownFileType = sourcecode.swift; path = ResetAndBackButton.swift; sourceTree = "<group>"; };
		B28A38952812235800157561 /* RandomMixedJuice.app */ = {isa = PBXFileReference; explicitFileType = wrapper.application; includeInIndex = 0; path = RandomMixedJuice.app; sourceTree = BUILT_PRODUCTS_DIR; };
		B28A38982812235800157561 /* AppDelegate.swift */ = {isa = PBXFileReference; lastKnownFileType = sourcecode.swift; path = AppDelegate.swift; sourceTree = "<group>"; };
		B28A389C2812235800157561 /* ViewController.swift */ = {isa = PBXFileReference; lastKnownFileType = sourcecode.swift; path = ViewController.swift; sourceTree = "<group>"; };
		B28A389F2812235800157561 /* Base */ = {isa = PBXFileReference; lastKnownFileType = file.storyboard; name = Base; path = Base.lproj/Main.storyboard; sourceTree = "<group>"; };
		B28A38A12812235A00157561 /* Assets.xcassets */ = {isa = PBXFileReference; lastKnownFileType = folder.assetcatalog; path = Assets.xcassets; sourceTree = "<group>"; };
		B28A38A42812235A00157561 /* Base */ = {isa = PBXFileReference; lastKnownFileType = file.storyboard; name = Base; path = Base.lproj/LaunchScreen.storyboard; sourceTree = "<group>"; };
		B28A38A62812235A00157561 /* Info.plist */ = {isa = PBXFileReference; lastKnownFileType = text.plist.xml; path = Info.plist; sourceTree = "<group>"; };
		B28A38AC2812238300157561 /* Fruits.csv */ = {isa = PBXFileReference; fileEncoding = 4; lastKnownFileType = text; path = Fruits.csv; sourceTree = "<group>"; };
		B28CAD5A281898A600EE84F3 /* CommonButton.swift */ = {isa = PBXFileReference; lastKnownFileType = sourcecode.swift; path = CommonButton.swift; sourceTree = "<group>"; };
		B28D39C028149E6F0046360D /* Fruit.swift */ = {isa = PBXFileReference; lastKnownFileType = sourcecode.swift; path = Fruit.swift; sourceTree = "<group>"; };
		B28D39C22814A0B20046360D /* RealmFruit+Repository.swift */ = {isa = PBXFileReference; lastKnownFileType = sourcecode.swift; path = "RealmFruit+Repository.swift"; sourceTree = "<group>"; };
		B28D39C42814B9660046360D /* SceneDelegate.swift */ = {isa = PBXFileReference; lastKnownFileType = sourcecode.swift; path = SceneDelegate.swift; sourceTree = "<group>"; };
		B28F5DFF2816DB74005C55C1 /* FruitsViewController.swift */ = {isa = PBXFileReference; lastKnownFileType = sourcecode.swift; path = FruitsViewController.swift; sourceTree = "<group>"; };
		B28F5E012816DB8A005C55C1 /* Fruits.storyboard */ = {isa = PBXFileReference; lastKnownFileType = file.storyboard; path = Fruits.storyboard; sourceTree = "<group>"; };
		B28F5E032816DC7C005C55C1 /* FruitsTableViewCell.swift */ = {isa = PBXFileReference; lastKnownFileType = sourcecode.swift; path = FruitsTableViewCell.swift; sourceTree = "<group>"; };
		B290A7DD2817666900BB7354 /* UIAlertController.swift */ = {isa = PBXFileReference; lastKnownFileType = sourcecode.swift; path = UIAlertController.swift; sourceTree = "<group>"; };
		B2B26C6E2813B88600D65379 /* MixJuice.swift */ = {isa = PBXFileReference; lastKnownFileType = sourcecode.swift; path = MixJuice.swift; sourceTree = "<group>"; };
		B2C482B128143472009ACD9D /* RealmMixJuice+Repository.swift */ = {isa = PBXFileReference; lastKnownFileType = sourcecode.swift; path = "RealmMixJuice+Repository.swift"; sourceTree = "<group>"; };
		B2D46B5E2819745F00D4F1F5 /* StartStopButton.swift */ = {isa = PBXFileReference; lastKnownFileType = sourcecode.swift; path = StartStopButton.swift; sourceTree = "<group>"; };
		E77142681063E1AB37327B24 /* Pods_RandomMixedJuice.framework */ = {isa = PBXFileReference; explicitFileType = wrapper.framework; includeInIndex = 0; path = Pods_RandomMixedJuice.framework; sourceTree = BUILT_PRODUCTS_DIR; };
/* End PBXFileReference section */

/* Begin PBXFrameworksBuildPhase section */
		B28A38922812235800157561 /* Frameworks */ = {
			isa = PBXFrameworksBuildPhase;
			buildActionMask = 2147483647;
			files = (
				422758FC5B6CD680AA15F76B /* Pods_RandomMixedJuice.framework in Frameworks */,
			);
			runOnlyForDeploymentPostprocessing = 0;
		};
/* End PBXFrameworksBuildPhase section */

/* Begin PBXGroup section */
		A15037633EBE4988D757708D /* Pods */ = {
			isa = PBXGroup;
			children = (
				08214D7E21FB518E4B693988 /* Pods-RandomMixedJuice.debug.xcconfig */,
				653DFF810EFA6E7408039198 /* Pods-RandomMixedJuice.release.xcconfig */,
			);
			path = Pods;
			sourceTree = "<group>";
		};
		B28A388C2812235800157561 = {
			isa = PBXGroup;
			children = (
				B28A38972812235800157561 /* RandomMixedJuice */,
				B28A38962812235800157561 /* Products */,
				A15037633EBE4988D757708D /* Pods */,
				D0EBB58E0A0433AC6C18CBA9 /* Frameworks */,
			);
			sourceTree = "<group>";
		};
		B28A38962812235800157561 /* Products */ = {
			isa = PBXGroup;
			children = (
				B28A38952812235800157561 /* RandomMixedJuice.app */,
			);
			name = Products;
			sourceTree = "<group>";
		};
		B28A38972812235800157561 /* RandomMixedJuice */ = {
			isa = PBXGroup;
			children = (
				B28A38982812235800157561 /* AppDelegate.swift */,
				B28D39C42814B9660046360D /* SceneDelegate.swift */,
				B2C482B028143453009ACD9D /* Model */,
				B28CAD5D2818994700EE84F3 /* MixJuiceScreen */,
				B28CAD5E2818CB5800EE84F3 /* FruitsScreen */,
				B28CAD5C281898AC00EE84F3 /* UIComponents */,
				B2D46B5D2819742100D4F1F5 /* Utilities */,
				B28A38A12812235A00157561 /* Assets.xcassets */,
				B28A38A32812235A00157561 /* LaunchScreen.storyboard */,
				B28A38A62812235A00157561 /* Info.plist */,
			);
			path = RandomMixedJuice;
			sourceTree = "<group>";
		};
		B28CAD5C281898AC00EE84F3 /* UIComponents */ = {
			isa = PBXGroup;
			children = (
				B28CAD5A281898A600EE84F3 /* CommonButton.swift */,
				B2D46B5E2819745F00D4F1F5 /* StartStopButton.swift */,
				B2491D18281DDC3300B5C419 /* ExtentionUIColor.swift */,
				B2491D1A281DE23000B5C419 /* ResetAndBackButton.swift */,
			);
			path = UIComponents;
			sourceTree = "<group>";
		};
		B28CAD5D2818994700EE84F3 /* MixJuiceScreen */ = {
			isa = PBXGroup;
			children = (
				B28A389C2812235800157561 /* ViewController.swift */,
				B28A389E2812235800157561 /* Main.storyboard */,
			);
			path = MixJuiceScreen;
			sourceTree = "<group>";
		};
		B28CAD5E2818CB5800EE84F3 /* FruitsScreen */ = {
			isa = PBXGroup;
			children = (
				B28F5DFF2816DB74005C55C1 /* FruitsViewController.swift */,
				B28F5E032816DC7C005C55C1 /* FruitsTableViewCell.swift */,
				B28F5E012816DB8A005C55C1 /* Fruits.storyboard */,
			);
			path = FruitsScreen;
			sourceTree = "<group>";
		};
		B2C482B028143453009ACD9D /* Model */ = {
			isa = PBXGroup;
			children = (
				B28A38AC2812238300157561 /* Fruits.csv */,
				B2B26C6E2813B88600D65379 /* MixJuice.swift */,
				B2C482B128143472009ACD9D /* RealmMixJuice+Repository.swift */,
				B28D39C028149E6F0046360D /* Fruit.swift */,
				B28D39C22814A0B20046360D /* RealmFruit+Repository.swift */,
			);
			path = Model;
			sourceTree = "<group>";
		};
		B2D46B5D2819742100D4F1F5 /* Utilities */ = {
			isa = PBXGroup;
			children = (
				B290A7DD2817666900BB7354 /* UIAlertController.swift */,
			);
			path = Utilities;
			sourceTree = "<group>";
		};
		D0EBB58E0A0433AC6C18CBA9 /* Frameworks */ = {
			isa = PBXGroup;
			children = (
				E77142681063E1AB37327B24 /* Pods_RandomMixedJuice.framework */,
			);
			name = Frameworks;
			sourceTree = "<group>";
		};
/* End PBXGroup section */

/* Begin PBXNativeTarget section */
		B28A38942812235800157561 /* RandomMixedJuice */ = {
			isa = PBXNativeTarget;
			buildConfigurationList = B28A38A92812235A00157561 /* Build configuration list for PBXNativeTarget "RandomMixedJuice" */;
			buildPhases = (
				E69670322361814169DD82D5 /* [CP] Check Pods Manifest.lock */,
				B28A38912812235800157561 /* Sources */,
				B28A38922812235800157561 /* Frameworks */,
				B28A38932812235800157561 /* Resources */,
				8646851EAE2CFF691EF910B7 /* [CP] Embed Pods Frameworks */,
				B2C7D287281436130051ACD8 /* Run Script */,
			);
			buildRules = (
			);
			dependencies = (
			);
			name = RandomMixedJuice;
			productName = RandomMixedJuice;
			productReference = B28A38952812235800157561 /* RandomMixedJuice.app */;
			productType = "com.apple.product-type.application";
		};
/* End PBXNativeTarget section */

/* Begin PBXProject section */
		B28A388D2812235800157561 /* Project object */ = {
			isa = PBXProject;
			attributes = {
				BuildIndependentTargetsInParallel = 1;
				LastSwiftUpdateCheck = 1330;
				LastUpgradeCheck = 1330;
				TargetAttributes = {
					B28A38942812235800157561 = {
						CreatedOnToolsVersion = 13.3.1;
					};
				};
			};
			buildConfigurationList = B28A38902812235800157561 /* Build configuration list for PBXProject "RandomMixedJuice" */;
			compatibilityVersion = "Xcode 13.0";
			developmentRegion = en;
			hasScannedForEncodings = 0;
			knownRegions = (
				en,
				Base,
			);
			mainGroup = B28A388C2812235800157561;
			productRefGroup = B28A38962812235800157561 /* Products */;
			projectDirPath = "";
			projectRoot = "";
			targets = (
				B28A38942812235800157561 /* RandomMixedJuice */,
			);
		};
/* End PBXProject section */

/* Begin PBXResourcesBuildPhase section */
		B28A38932812235800157561 /* Resources */ = {
			isa = PBXResourcesBuildPhase;
			buildActionMask = 2147483647;
			files = (
				B28F5E022816DB8A005C55C1 /* Fruits.storyboard in Resources */,
				B28A38A52812235A00157561 /* LaunchScreen.storyboard in Resources */,
				B28A38AD2812238300157561 /* Fruits.csv in Resources */,
				B28A38A22812235A00157561 /* Assets.xcassets in Resources */,
				B28A38A02812235800157561 /* Main.storyboard in Resources */,
			);
			runOnlyForDeploymentPostprocessing = 0;
		};
/* End PBXResourcesBuildPhase section */

/* Begin PBXShellScriptBuildPhase section */
		8646851EAE2CFF691EF910B7 /* [CP] Embed Pods Frameworks */ = {
			isa = PBXShellScriptBuildPhase;
			buildActionMask = 2147483647;
			files = (
			);
			inputFileListPaths = (
				"${PODS_ROOT}/Target Support Files/Pods-RandomMixedJuice/Pods-RandomMixedJuice-frameworks-${CONFIGURATION}-input-files.xcfilelist",
			);
			name = "[CP] Embed Pods Frameworks";
			outputFileListPaths = (
				"${PODS_ROOT}/Target Support Files/Pods-RandomMixedJuice/Pods-RandomMixedJuice-frameworks-${CONFIGURATION}-output-files.xcfilelist",
			);
			runOnlyForDeploymentPostprocessing = 0;
			shellPath = /bin/sh;
			shellScript = "\"${PODS_ROOT}/Target Support Files/Pods-RandomMixedJuice/Pods-RandomMixedJuice-frameworks.sh\"\n";
			showEnvVarsInLog = 0;
		};
		B2C7D287281436130051ACD8 /* Run Script */ = {
			isa = PBXShellScriptBuildPhase;
			buildActionMask = 2147483647;
			files = (
			);
			inputFileListPaths = (
			);
			inputPaths = (
			);
			name = "Run Script";
			outputFileListPaths = (
			);
			outputPaths = (
			);
			runOnlyForDeploymentPostprocessing = 0;
			shellPath = /bin/sh;
			shellScript = "if which \"${PODS_ROOT}/SwiftLint/swiftlint\" >/dev/null; then\n${PODS_ROOT}/SwiftLint/swiftlint\nelse\necho \"warning: SwiftLint not installed, download from https://github.com/realm/SwiftLint\"\nfi\n";
		};
		E69670322361814169DD82D5 /* [CP] Check Pods Manifest.lock */ = {
			isa = PBXShellScriptBuildPhase;
			buildActionMask = 2147483647;
			files = (
			);
			inputFileListPaths = (
			);
			inputPaths = (
				"${PODS_PODFILE_DIR_PATH}/Podfile.lock",
				"${PODS_ROOT}/Manifest.lock",
			);
			name = "[CP] Check Pods Manifest.lock";
			outputFileListPaths = (
			);
			outputPaths = (
				"$(DERIVED_FILE_DIR)/Pods-RandomMixedJuice-checkManifestLockResult.txt",
			);
			runOnlyForDeploymentPostprocessing = 0;
			shellPath = /bin/sh;
			shellScript = "diff \"${PODS_PODFILE_DIR_PATH}/Podfile.lock\" \"${PODS_ROOT}/Manifest.lock\" > /dev/null\nif [ $? != 0 ] ; then\n    # print error to STDERR\n    echo \"error: The sandbox is not in sync with the Podfile.lock. Run 'pod install' or update your CocoaPods installation.\" >&2\n    exit 1\nfi\n# This output is used by Xcode 'outputs' to avoid re-running this script phase.\necho \"SUCCESS\" > \"${SCRIPT_OUTPUT_FILE_0}\"\n";
			showEnvVarsInLog = 0;
		};
/* End PBXShellScriptBuildPhase section */

/* Begin PBXSourcesBuildPhase section */
		B28A38912812235800157561 /* Sources */ = {
			isa = PBXSourcesBuildPhase;
			buildActionMask = 2147483647;
			files = (
				B2491D1B281DE23000B5C419 /* ResetAndBackButton.swift in Sources */,
				B2D46B5F2819745F00D4F1F5 /* StartStopButton.swift in Sources */,
				B28D39C128149E6F0046360D /* Fruit.swift in Sources */,
				B28F5E002816DB74005C55C1 /* FruitsViewController.swift in Sources */,
				B28D39C52814B9660046360D /* SceneDelegate.swift in Sources */,
				B28A389D2812235800157561 /* ViewController.swift in Sources */,
				B290A7DE2817666900BB7354 /* UIAlertController.swift in Sources */,
				B28CAD5B281898A600EE84F3 /* CommonButton.swift in Sources */,
				B28F5E042816DC7C005C55C1 /* FruitsTableViewCell.swift in Sources */,
				B2491D19281DDC3300B5C419 /* ExtentionUIColor.swift in Sources */,
				B2C482B228143472009ACD9D /* RealmMixJuice+Repository.swift in Sources */,
				B28A38992812235800157561 /* AppDelegate.swift in Sources */,
				B2B26C6F2813B88600D65379 /* MixJuice.swift in Sources */,
				B28D39C32814A0B20046360D /* RealmFruit+Repository.swift in Sources */,
			);
			runOnlyForDeploymentPostprocessing = 0;
		};
/* End PBXSourcesBuildPhase section */

/* Begin PBXVariantGroup section */
		B28A389E2812235800157561 /* Main.storyboard */ = {
			isa = PBXVariantGroup;
			children = (
				B28A389F2812235800157561 /* Base */,
			);
			name = Main.storyboard;
			sourceTree = "<group>";
		};
		B28A38A32812235A00157561 /* LaunchScreen.storyboard */ = {
			isa = PBXVariantGroup;
			children = (
				B28A38A42812235A00157561 /* Base */,
			);
			name = LaunchScreen.storyboard;
			sourceTree = "<group>";
		};
/* End PBXVariantGroup section */

/* Begin XCBuildConfiguration section */
		B28A38A72812235A00157561 /* Debug */ = {
			isa = XCBuildConfiguration;
			buildSettings = {
				ALWAYS_SEARCH_USER_PATHS = NO;
				CLANG_ANALYZER_NONNULL = YES;
				CLANG_ANALYZER_NUMBER_OBJECT_CONVERSION = YES_AGGRESSIVE;
				CLANG_CXX_LANGUAGE_STANDARD = "gnu++17";
				CLANG_ENABLE_MODULES = YES;
				CLANG_ENABLE_OBJC_ARC = YES;
				CLANG_ENABLE_OBJC_WEAK = YES;
				CLANG_WARN_BLOCK_CAPTURE_AUTORELEASING = YES;
				CLANG_WARN_BOOL_CONVERSION = YES;
				CLANG_WARN_COMMA = YES;
				CLANG_WARN_CONSTANT_CONVERSION = YES;
				CLANG_WARN_DEPRECATED_OBJC_IMPLEMENTATIONS = YES;
				CLANG_WARN_DIRECT_OBJC_ISA_USAGE = YES_ERROR;
				CLANG_WARN_DOCUMENTATION_COMMENTS = YES;
				CLANG_WARN_EMPTY_BODY = YES;
				CLANG_WARN_ENUM_CONVERSION = YES;
				CLANG_WARN_INFINITE_RECURSION = YES;
				CLANG_WARN_INT_CONVERSION = YES;
				CLANG_WARN_NON_LITERAL_NULL_CONVERSION = YES;
				CLANG_WARN_OBJC_IMPLICIT_RETAIN_SELF = YES;
				CLANG_WARN_OBJC_LITERAL_CONVERSION = YES;
				CLANG_WARN_OBJC_ROOT_CLASS = YES_ERROR;
				CLANG_WARN_QUOTED_INCLUDE_IN_FRAMEWORK_HEADER = YES;
				CLANG_WARN_RANGE_LOOP_ANALYSIS = YES;
				CLANG_WARN_STRICT_PROTOTYPES = YES;
				CLANG_WARN_SUSPICIOUS_MOVE = YES;
				CLANG_WARN_UNGUARDED_AVAILABILITY = YES_AGGRESSIVE;
				CLANG_WARN_UNREACHABLE_CODE = YES;
				CLANG_WARN__DUPLICATE_METHOD_MATCH = YES;
				COPY_PHASE_STRIP = NO;
				DEBUG_INFORMATION_FORMAT = dwarf;
				ENABLE_STRICT_OBJC_MSGSEND = YES;
				ENABLE_TESTABILITY = YES;
				GCC_C_LANGUAGE_STANDARD = gnu11;
				GCC_DYNAMIC_NO_PIC = NO;
				GCC_NO_COMMON_BLOCKS = YES;
				GCC_OPTIMIZATION_LEVEL = 0;
				GCC_PREPROCESSOR_DEFINITIONS = (
					"DEBUG=1",
					"$(inherited)",
				);
				GCC_WARN_64_TO_32_BIT_CONVERSION = YES;
				GCC_WARN_ABOUT_RETURN_TYPE = YES_ERROR;
				GCC_WARN_UNDECLARED_SELECTOR = YES;
				GCC_WARN_UNINITIALIZED_AUTOS = YES_AGGRESSIVE;
				GCC_WARN_UNUSED_FUNCTION = YES;
				GCC_WARN_UNUSED_VARIABLE = YES;
				IPHONEOS_DEPLOYMENT_TARGET = 15.4;
				MTL_ENABLE_DEBUG_INFO = INCLUDE_SOURCE;
				MTL_FAST_MATH = YES;
				ONLY_ACTIVE_ARCH = YES;
				SDKROOT = iphoneos;
				SWIFT_ACTIVE_COMPILATION_CONDITIONS = DEBUG;
				SWIFT_OPTIMIZATION_LEVEL = "-Onone";
			};
			name = Debug;
		};
		B28A38A82812235A00157561 /* Release */ = {
			isa = XCBuildConfiguration;
			buildSettings = {
				ALWAYS_SEARCH_USER_PATHS = NO;
				CLANG_ANALYZER_NONNULL = YES;
				CLANG_ANALYZER_NUMBER_OBJECT_CONVERSION = YES_AGGRESSIVE;
				CLANG_CXX_LANGUAGE_STANDARD = "gnu++17";
				CLANG_ENABLE_MODULES = YES;
				CLANG_ENABLE_OBJC_ARC = YES;
				CLANG_ENABLE_OBJC_WEAK = YES;
				CLANG_WARN_BLOCK_CAPTURE_AUTORELEASING = YES;
				CLANG_WARN_BOOL_CONVERSION = YES;
				CLANG_WARN_COMMA = YES;
				CLANG_WARN_CONSTANT_CONVERSION = YES;
				CLANG_WARN_DEPRECATED_OBJC_IMPLEMENTATIONS = YES;
				CLANG_WARN_DIRECT_OBJC_ISA_USAGE = YES_ERROR;
				CLANG_WARN_DOCUMENTATION_COMMENTS = YES;
				CLANG_WARN_EMPTY_BODY = YES;
				CLANG_WARN_ENUM_CONVERSION = YES;
				CLANG_WARN_INFINITE_RECURSION = YES;
				CLANG_WARN_INT_CONVERSION = YES;
				CLANG_WARN_NON_LITERAL_NULL_CONVERSION = YES;
				CLANG_WARN_OBJC_IMPLICIT_RETAIN_SELF = YES;
				CLANG_WARN_OBJC_LITERAL_CONVERSION = YES;
				CLANG_WARN_OBJC_ROOT_CLASS = YES_ERROR;
				CLANG_WARN_QUOTED_INCLUDE_IN_FRAMEWORK_HEADER = YES;
				CLANG_WARN_RANGE_LOOP_ANALYSIS = YES;
				CLANG_WARN_STRICT_PROTOTYPES = YES;
				CLANG_WARN_SUSPICIOUS_MOVE = YES;
				CLANG_WARN_UNGUARDED_AVAILABILITY = YES_AGGRESSIVE;
				CLANG_WARN_UNREACHABLE_CODE = YES;
				CLANG_WARN__DUPLICATE_METHOD_MATCH = YES;
				COPY_PHASE_STRIP = NO;
				DEBUG_INFORMATION_FORMAT = "dwarf-with-dsym";
				ENABLE_NS_ASSERTIONS = NO;
				ENABLE_STRICT_OBJC_MSGSEND = YES;
				GCC_C_LANGUAGE_STANDARD = gnu11;
				GCC_NO_COMMON_BLOCKS = YES;
				GCC_WARN_64_TO_32_BIT_CONVERSION = YES;
				GCC_WARN_ABOUT_RETURN_TYPE = YES_ERROR;
				GCC_WARN_UNDECLARED_SELECTOR = YES;
				GCC_WARN_UNINITIALIZED_AUTOS = YES_AGGRESSIVE;
				GCC_WARN_UNUSED_FUNCTION = YES;
				GCC_WARN_UNUSED_VARIABLE = YES;
				IPHONEOS_DEPLOYMENT_TARGET = 15.4;
				MTL_ENABLE_DEBUG_INFO = NO;
				MTL_FAST_MATH = YES;
				SDKROOT = iphoneos;
				SWIFT_COMPILATION_MODE = wholemodule;
				SWIFT_OPTIMIZATION_LEVEL = "-O";
				VALIDATE_PRODUCT = YES;
			};
			name = Release;
		};
		B28A38AA2812235A00157561 /* Debug */ = {
			isa = XCBuildConfiguration;
			baseConfigurationReference = 08214D7E21FB518E4B693988 /* Pods-RandomMixedJuice.debug.xcconfig */;
			buildSettings = {
				ASSETCATALOG_COMPILER_APPICON_NAME = AppIcon;
				ASSETCATALOG_COMPILER_GLOBAL_ACCENT_COLOR_NAME = AccentColor;
				CODE_SIGN_STYLE = Automatic;
				CURRENT_PROJECT_VERSION = 1;
				DEVELOPMENT_TEAM = DJ7VR35KC8;
				GENERATE_INFOPLIST_FILE = YES;
				INFOPLIST_FILE = RandomMixedJuice/Info.plist;
				INFOPLIST_KEY_CFBundleDisplayName = "ミックスジュース";
				INFOPLIST_KEY_UIApplicationSupportsIndirectInputEvents = YES;
				INFOPLIST_KEY_UILaunchStoryboardName = LaunchScreen;
				INFOPLIST_KEY_UIMainStoryboardFile = Main;
				INFOPLIST_KEY_UISupportedInterfaceOrientations_iPad = "UIInterfaceOrientationPortrait UIInterfaceOrientationPortraitUpsideDown UIInterfaceOrientationLandscapeLeft UIInterfaceOrientationLandscapeRight";
				INFOPLIST_KEY_UISupportedInterfaceOrientations_iPhone = "UIInterfaceOrientationPortrait UIInterfaceOrientationLandscapeLeft UIInterfaceOrientationLandscapeRight";
				LD_RUNPATH_SEARCH_PATHS = (
					"$(inherited)",
					"@executable_path/Frameworks",
				);
				MARKETING_VERSION = 1.0;
				PRODUCT_BUNDLE_IDENTIFIER = com.muranaka.RandomMixedJuice;
				PRODUCT_NAME = "$(TARGET_NAME)";
				SWIFT_EMIT_LOC_STRINGS = YES;
				SWIFT_VERSION = 5.0;
				TARGETED_DEVICE_FAMILY = "1,2";
			};
			name = Debug;
		};
		B28A38AB2812235A00157561 /* Release */ = {
			isa = XCBuildConfiguration;
			baseConfigurationReference = 653DFF810EFA6E7408039198 /* Pods-RandomMixedJuice.release.xcconfig */;
			buildSettings = {
				ASSETCATALOG_COMPILER_APPICON_NAME = AppIcon;
				ASSETCATALOG_COMPILER_GLOBAL_ACCENT_COLOR_NAME = AccentColor;
				CODE_SIGN_STYLE = Automatic;
				CURRENT_PROJECT_VERSION = 1;
				DEVELOPMENT_TEAM = DJ7VR35KC8;
				GENERATE_INFOPLIST_FILE = YES;
				INFOPLIST_FILE = RandomMixedJuice/Info.plist;
				INFOPLIST_KEY_CFBundleDisplayName = "ミックスジュース";
				INFOPLIST_KEY_UIApplicationSupportsIndirectInputEvents = YES;
				INFOPLIST_KEY_UILaunchStoryboardName = LaunchScreen;
				INFOPLIST_KEY_UIMainStoryboardFile = Main;
				INFOPLIST_KEY_UISupportedInterfaceOrientations_iPad = "UIInterfaceOrientationPortrait UIInterfaceOrientationPortraitUpsideDown UIInterfaceOrientationLandscapeLeft UIInterfaceOrientationLandscapeRight";
				INFOPLIST_KEY_UISupportedInterfaceOrientations_iPhone = "UIInterfaceOrientationPortrait UIInterfaceOrientationLandscapeLeft UIInterfaceOrientationLandscapeRight";
				LD_RUNPATH_SEARCH_PATHS = (
					"$(inherited)",
					"@executable_path/Frameworks",
				);
				MARKETING_VERSION = 1.0;
				PRODUCT_BUNDLE_IDENTIFIER = com.muranaka.RandomMixedJuice;
				PRODUCT_NAME = "$(TARGET_NAME)";
				SWIFT_EMIT_LOC_STRINGS = YES;
				SWIFT_VERSION = 5.0;
				TARGETED_DEVICE_FAMILY = "1,2";
			};
			name = Release;
		};
/* End XCBuildConfiguration section */

/* Begin XCConfigurationList section */
		B28A38902812235800157561 /* Build configuration list for PBXProject "RandomMixedJuice" */ = {
			isa = XCConfigurationList;
			buildConfigurations = (
				B28A38A72812235A00157561 /* Debug */,
				B28A38A82812235A00157561 /* Release */,
			);
			defaultConfigurationIsVisible = 0;
			defaultConfigurationName = Release;
		};
		B28A38A92812235A00157561 /* Build configuration list for PBXNativeTarget "RandomMixedJuice" */ = {
			isa = XCConfigurationList;
			buildConfigurations = (
				B28A38AA2812235A00157561 /* Debug */,
				B28A38AB2812235A00157561 /* Release */,
			);
			defaultConfigurationIsVisible = 0;
			defaultConfigurationName = Release;
		};
/* End XCConfigurationList section */
	};
	rootObject = B28A388D2812235800157561 /* Project object */;
}
